Microsoft Visual Studio Solution File, Format Version 12.00
# Visual Studio Version 17
VisualStudioVersion = 17.5.2.0
MinimumVisualStudioVersion = 10.0.40219.1
Project("{FAE04EC0-301F-11D3-BF4B-00C04F79EFBC}") = "GestionBudgetApi", "GestionBudgetApi.csproj", "{078FEC08-9D34-2744-F175-974167AB8B6D}"
EndProject
Global
	GlobalSection(SolutionConfigurationPlatforms) = preSolution
		Debug|Any CPU = Debug|Any CPU
		Release|Any CPU = Release|Any CPU
	EndGlobalSection
	GlobalSection(ProjectConfigurationPlatforms) = postSolution
		{078FEC08-9D34-2744-F175-974167AB8B6D}.Debug|Any CPU.ActiveCfg = Debug|Any CPU
		{078FEC08-9D34-2744-F175-974167AB8B6D}.Debug|Any CPU.Build.0 = Debug|Any CPU
		{078FEC08-9D34-2744-F175-974167AB8B6D}.Release|Any CPU.ActiveCfg = Release|Any CPU
		{078FEC08-9D34-2744-F175-974167AB8B6D}.Release|Any CPU.Build.0 = Release|Any CPU
	EndGlobalSection
	GlobalSection(SolutionProperties) = preSolution
		HideSolutionNode = FALSE
	EndGlobalSection
	GlobalSection(ExtensibilityGlobals) = postSolution
		SolutionGuid = {922EE4DB-EBED-4295-9C95-03E8B54C3C5E}
	EndGlobalSection
EndGlobal
